Microsoft Visual Studio Solution File, Format Version 12.00
# Visual Studio Version 17
VisualStudioVersion = 17.5.2.0
MinimumVisualStudioVersion = 10.0.40219.1
Project("{2150E333-8FDC-42A3-9474-1A3956D46DE8}") = "source", "source", "{B8EFCA5F-814F-285C-A8CB-F00F14650265}"
EndProject
Project("{2150E333-8FDC-42A3-9474-1A3956D46DE8}") = "SpacetimeDBClient", "SpacetimeDBClient", "{F81A974B-9EAC-9476-0649-E914E65C9163}"
EndProject
Project("{2150E333-8FDC-42A3-9474-1A3956D46DE8}") = "Web", "Web", "{F41F1FFF-8A38-AE13-6847-520C9AD9E611}"
EndProject
Project("{FAE04EC0-301F-11D3-BF4B-00C04F79EFBC}") = "PokerClient", "source\SpacetimeDBClient\Web\PokerClient\PokerClient.csproj", "{7A477F9B-95AE-2E4E-C450-3A752D1D0B96}"
EndProject
Global
	GlobalSection(SolutionConfigurationPlatforms) = preSolution
		Debug|Any CPU = Debug|Any CPU
		Release|Any CPU = Release|Any CPU
	EndGlobalSection
	GlobalSection(ProjectConfigurationPlatforms) = postSolution
		{7A477F9B-95AE-2E4E-C450-3A752D1D0B96}.Debug|Any CPU.ActiveCfg = Debug|Any CPU
		{7A477F9B-95AE-2E4E-C450-3A752D1D0B96}.Debug|Any CPU.Build.0 = Debug|Any CPU
		{7A477F9B-95AE-2E4E-C450-3A752D1D0B96}.Release|Any CPU.ActiveCfg = Release|Any CPU
		{7A477F9B-95AE-2E4E-C450-3A752D1D0B96}.Release|Any CPU.Build.0 = Release|Any CPU
	EndGlobalSection
	GlobalSection(SolutionProperties) = preSolution
		HideSolutionNode = FALSE
	EndGlobalSection
	GlobalSection(NestedProjects) = preSolution
		{F81A974B-9EAC-9476-0649-E914E65C9163} = {B8EFCA5F-814F-285C-A8CB-F00F14650265}
		{F41F1FFF-8A38-AE13-6847-520C9AD9E611} = {F81A974B-9EAC-9476-0649-E914E65C9163}
		{7A477F9B-95AE-2E4E-C450-3A752D1D0B96} = {F41F1FFF-8A38-AE13-6847-520C9AD9E611}
	EndGlobalSection
	GlobalSection(ExtensibilityGlobals) = postSolution
		SolutionGuid = {02B58435-5B98-4DFA-AC60-7B9E64644C77}
	EndGlobalSection
EndGlobal
